
Microsoft Visual Studio Solution File, Format Version 12.00
# Visual Studio Version 16
VisualStudioVersion = 16.0.29728.190
MinimumVisualStudioVersion = 10.0.40219.1
Project("{FAE04EC0-301F-11D3-BF4B-00C04F79EFBC}") = "ExtraMemoryTest", "ExtraMemoryTest\ExtraMemoryTest.csproj", "{775368CD-7C06-4FE5-994C-AF525425F1D2}"
EndProject
Project("{FAE04EC0-301F-11D3-BF4B-00C04F79EFBC}") = "ExtraMemoryWithRefKeyValueTest", "ExtraMemoryWithRefKeyValueTest\ExtraMemoryWithRefKeyValueTest.csproj", "{67D1E3E1-E742-406A-9FEB-BEA9950AB882}"
EndProject
Project("{FAE04EC0-301F-11D3-BF4B-00C04F79EFBC}") = "LeaksTest", "LeaksTest\LeaksTest.csproj", "{83786E8F-10C9-44B8-A2F2-9E8AADEFC08F}"
EndProject
Project("{FAE04EC0-301F-11D3-BF4B-00C04F79EFBC}") = "MiniDictionaryVsArray", "MiniDictionaryVsArray\MiniDictionaryVsArray.csproj", "{8F01DBF3-BF3A-4424-8C32-29D2E8800806}"
EndProject
Global
	GlobalSection(SolutionConfigurationPlatforms) = preSolution
		Debug|Any CPU = Debug|Any CPU
		Release|Any CPU = Release|Any CPU
	EndGlobalSection
	GlobalSection(ProjectConfigurationPlatforms) = postSolution
		{775368CD-7C06-4FE5-994C-AF525425F1D2}.Debug|Any CPU.ActiveCfg = Debug|Any CPU
		{775368CD-7C06-4FE5-994C-AF525425F1D2}.Debug|Any CPU.Build.0 = Debug|Any CPU
		{775368CD-7C06-4FE5-994C-AF525425F1D2}.Release|Any CPU.ActiveCfg = Release|Any CPU
		{775368CD-7C06-4FE5-994C-AF525425F1D2}.Release|Any CPU.Build.0 = Release|Any CPU
		{67D1E3E1-E742-406A-9FEB-BEA9950AB882}.Debug|Any CPU.ActiveCfg = Debug|Any CPU
		{67D1E3E1-E742-406A-9FEB-BEA9950AB882}.Debug|Any CPU.Build.0 = Debug|Any CPU
		{67D1E3E1-E742-406A-9FEB-BEA9950AB882}.Release|Any CPU.ActiveCfg = Release|Any CPU
		{67D1E3E1-E742-406A-9FEB-BEA9950AB882}.Release|Any CPU.Build.0 = Release|Any CPU
		{83786E8F-10C9-44B8-A2F2-9E8AADEFC08F}.Debug|Any CPU.ActiveCfg = Debug|Any CPU
		{83786E8F-10C9-44B8-A2F2-9E8AADEFC08F}.Debug|Any CPU.Build.0 = Debug|Any CPU
		{83786E8F-10C9-44B8-A2F2-9E8AADEFC08F}.Release|Any CPU.ActiveCfg = Release|Any CPU
		{83786E8F-10C9-44B8-A2F2-9E8AADEFC08F}.Release|Any CPU.Build.0 = Release|Any CPU
		{8F01DBF3-BF3A-4424-8C32-29D2E8800806}.Debug|Any CPU.ActiveCfg = Debug|Any CPU
		{8F01DBF3-BF3A-4424-8C32-29D2E8800806}.Debug|Any CPU.Build.0 = Debug|Any CPU
		{8F01DBF3-BF3A-4424-8C32-29D2E8800806}.Release|Any CPU.ActiveCfg = Release|Any CPU
		{8F01DBF3-BF3A-4424-8C32-29D2E8800806}.Release|Any CPU.Build.0 = Release|Any CPU
	EndGlobalSection
	GlobalSection(SolutionProperties) = preSolution
		HideSolutionNode = FALSE
	EndGlobalSection
	GlobalSection(ExtensibilityGlobals) = postSolution
		SolutionGuid = {AD2170B1-2935-4925-9DD7-052E1B52BA94}
	EndGlobalSection
EndGlobal
